
Microsoft Visual Studio Solution File, Format Version 12.00
Project("{FAE04EC0-301F-11D3-BF4B-00C04F79EFBC}") = "MvcClient", "MvcClient\MvcClient.csproj", "{4809B7FC-5DF0-40F5-BCC0-1EF0D4B6C3F8}"
EndProject
Global
	GlobalSection(SolutionConfigurationPlatforms) = preSolution
		Debug|Any CPU = Debug|Any CPU
		Release|Any CPU = Release|Any CPU
	EndGlobalSection
	GlobalSection(ProjectConfigurationPlatforms) = postSolution
		{4809B7FC-5DF0-40F5-BCC0-1EF0D4B6C3F8}.Debug|Any CPU.ActiveCfg = Debug|Any CPU
		{4809B7FC-5DF0-40F5-BCC0-1EF0D4B6C3F8}.Debug|Any CPU.Build.0 = Debug|Any CPU
		{4809B7FC-5DF0-40F5-BCC0-1EF0D4B6C3F8}.Release|Any CPU.ActiveCfg = Release|Any CPU
		{4809B7FC-5DF0-40F5-BCC0-1EF0D4B6C3F8}.Release|Any CPU.Build.0 = Release|Any CPU
	EndGlobalSection
EndGlobal
