
Microsoft Visual Studio Solution File, Format Version 12.00
Project("{FAE04EC0-301F-11D3-BF4B-00C04F79EFBC}") = "MvcClientNetFx", "MvcClientNetFx\MvcClientNetFx.csproj", "{BDC99DA0-4F52-46A7-9376-E77369351B72}"
EndProject
Global
	GlobalSection(SolutionConfigurationPlatforms) = preSolution
		Debug|Any CPU = Debug|Any CPU
		Release|Any CPU = Release|Any CPU
	EndGlobalSection
	GlobalSection(ProjectConfigurationPlatforms) = postSolution
		{BDC99DA0-4F52-46A7-9376-E77369351B72}.Debug|Any CPU.ActiveCfg = Debug|Any CPU
		{BDC99DA0-4F52-46A7-9376-E77369351B72}.Debug|Any CPU.Build.0 = Debug|Any CPU
		{BDC99DA0-4F52-46A7-9376-E77369351B72}.Release|Any CPU.ActiveCfg = Release|Any CPU
		{BDC99DA0-4F52-46A7-9376-E77369351B72}.Release|Any CPU.Build.0 = Release|Any CPU
	EndGlobalSection
EndGlobal
